
Microsoft Visual Studio Solution File, Format Version 12.00
# Visual Studio 15
VisualStudioVersion = 15.0.28307.168
MinimumVisualStudioVersion = 10.0.40219.1
Project("{9A19103F-16F7-4668-BE54-9A1E7A4F7556}") = "Nerve.Repository", "Nerve.Repository\Nerve.Repository.csproj", "{78D54AE9-B018-4685-9AEE-AB1A0C0576D1}"
EndProject
Project("{9A19103F-16F7-4668-BE54-9A1E7A4F7556}") = "Nerve.Service", "Nerve.Service\Nerve.Service.csproj", "{0360B710-87F0-4335-92C3-CDC92988BC7F}"
EndProject
Project("{9A19103F-16F7-4668-BE54-9A1E7A4F7556}") = "Nerve.Web", "Nerve.Web\Nerve.Web.csproj", "{95390C1D-9E81-4E68-B5DD-DF746BB55370}"
EndProject
Project("{FAE04EC0-301F-11D3-BF4B-00C04F79EFBC}") = "Nerve.Translator", "Nerve.Translator\Nerve.Translator.csproj", "{E029AED4-7C5F-432B-8018-4093DD639F5A}"
EndProject
Project("{9A19103F-16F7-4668-BE54-9A1E7A4F7556}") = "Nerve.Common", "Nerve.Common\Nerve.Common.csproj", "{7633EA6A-2B58-4033-A4ED-3CAB5914D10F}"
EndProject
Global
	GlobalSection(SolutionConfigurationPlatforms) = preSolution
		Debug|Any CPU = Debug|Any CPU
		Release|Any CPU = Release|Any CPU
	EndGlobalSection
	GlobalSection(ProjectConfigurationPlatforms) = postSolution
		{78D54AE9-B018-4685-9AEE-AB1A0C0576D1}.Debug|Any CPU.ActiveCfg = Debug|Any CPU
		{78D54AE9-B018-4685-9AEE-AB1A0C0576D1}.Debug|Any CPU.Build.0 = Debug|Any CPU
		{78D54AE9-B018-4685-9AEE-AB1A0C0576D1}.Release|Any CPU.ActiveCfg = Release|Any CPU
		{78D54AE9-B018-4685-9AEE-AB1A0C0576D1}.Release|Any CPU.Build.0 = Release|Any CPU
		{0360B710-87F0-4335-92C3-CDC92988BC7F}.Debug|Any CPU.ActiveCfg = Debug|Any CPU
		{0360B710-87F0-4335-92C3-CDC92988BC7F}.Debug|Any CPU.Build.0 = Debug|Any CPU
		{0360B710-87F0-4335-92C3-CDC92988BC7F}.Release|Any CPU.ActiveCfg = Release|Any CPU
		{0360B710-87F0-4335-92C3-CDC92988BC7F}.Release|Any CPU.Build.0 = Release|Any CPU
		{95390C1D-9E81-4E68-B5DD-DF746BB55370}.Debug|Any CPU.ActiveCfg = Debug|Any CPU
		{95390C1D-9E81-4E68-B5DD-DF746BB55370}.Debug|Any CPU.Build.0 = Debug|Any CPU
		{95390C1D-9E81-4E68-B5DD-DF746BB55370}.Release|Any CPU.ActiveCfg = Release|Any CPU
		{95390C1D-9E81-4E68-B5DD-DF746BB55370}.Release|Any CPU.Build.0 = Release|Any CPU
		{E029AED4-7C5F-432B-8018-4093DD639F5A}.Debug|Any CPU.ActiveCfg = Debug|Any CPU
		{E029AED4-7C5F-432B-8018-4093DD639F5A}.Debug|Any CPU.Build.0 = Debug|Any CPU
		{E029AED4-7C5F-432B-8018-4093DD639F5A}.Release|Any CPU.ActiveCfg = Release|Any CPU
		{E029AED4-7C5F-432B-8018-4093DD639F5A}.Release|Any CPU.Build.0 = Release|Any CPU
		{7633EA6A-2B58-4033-A4ED-3CAB5914D10F}.Debug|Any CPU.ActiveCfg = Debug|Any CPU
		{7633EA6A-2B58-4033-A4ED-3CAB5914D10F}.Debug|Any CPU.Build.0 = Debug|Any CPU
		{7633EA6A-2B58-4033-A4ED-3CAB5914D10F}.Release|Any CPU.ActiveCfg = Release|Any CPU
		{7633EA6A-2B58-4033-A4ED-3CAB5914D10F}.Release|Any CPU.Build.0 = Release|Any CPU
	EndGlobalSection
	GlobalSection(SolutionProperties) = preSolution
		HideSolutionNode = FALSE
	EndGlobalSection
	GlobalSection(ExtensibilityGlobals) = postSolution
		SolutionGuid = {DB84AECA-7066-4B32-B77E-66716A8D5CA7}
	EndGlobalSection
EndGlobal
